{
  "requires": true,
  "lockfileVersion": 1,
  "dependencies": {
    "@glidejs/glide": {
      "version": "3.2.4",
      "resolved": "https://registry.npmjs.org/@glidejs/glide/-/glide-3.2.4.tgz",
      "integrity": "sha512-ylTX+3NB2XW/y5CCda9xRkO+q+016u6YL8X/zlNGkfDRAx/lm/UtFoXL1EBm+zUDYIAldeoLbloM2vJpH4YwZA=="
    },
    "glider-js": {
      "version": "1.6.4",
      "resolved": "https://registry.npmjs.org/glider-js/-/glider-js-1.6.4.tgz",
      "integrity": "sha512-m9MmQJMDCdxlxwjrY85VqJp/s7xE1gOEStRkScb/pAPOu5YU5VtQ5cNGjyLyIIWJtpgPYfTgp+J1LI+iP/uW6w=="
    },
    "jquery": {
      "version": "3.3.1",
      "resolved": "https://registry.npmjs.org/jquery/-/jquery-3.3.1.tgz",
      "integrity": "sha512-Ubldcmxp5np52/ENotGxlLe6aGMvmF4R8S6tZjsP6Knsaxd/xp3Zrh50cG93lR6nPXyUFwzN3ZSOQI0wRJNdGg=="
    }
  }
}
